
Microsoft Visual Studio Solution File, Format Version 12.00
# Visual Studio Version 16
VisualStudioVersion = 16.0.31313.79
MinimumVisualStudioVersion = 10.0.40219.1
Project("{FAE04EC0-301F-11D3-BF4B-00C04F79EFBC}") = "YetiTool-VersionControl", "YetiTool-VersionControl\YetiTool-VersionControl.csproj", "{2756467D-6D4B-4A7A-A0D4-E90B7DB3B7B2}"
EndProject
Global
	GlobalSection(SolutionConfigurationPlatforms) = preSolution
		Debug|Any CPU = Debug|Any CPU
		Release|Any CPU = Release|Any CPU
	EndGlobalSection
	GlobalSection(ProjectConfigurationPlatforms) = postSolution
		{2756467D-6D4B-4A7A-A0D4-E90B7DB3B7B2}.Debug|Any CPU.ActiveCfg = Debug|Any CPU
		{2756467D-6D4B-4A7A-A0D4-E90B7DB3B7B2}.Debug|Any CPU.Build.0 = Debug|Any CPU
		{2756467D-6D4B-4A7A-A0D4-E90B7DB3B7B2}.Release|Any CPU.ActiveCfg = Release|Any CPU
		{2756467D-6D4B-4A7A-A0D4-E90B7DB3B7B2}.Release|Any CPU.Build.0 = Release|Any CPU
	EndGlobalSection
	GlobalSection(SolutionProperties) = preSolution
		HideSolutionNode = FALSE
	EndGlobalSection
	GlobalSection(ExtensibilityGlobals) = postSolution
		SolutionGuid = {2ACECA70-F732-4DC8-BFAC-DC41B519961B}
	EndGlobalSection
EndGlobal
